{
  "originHash" : "0f1b48693ef1b4e2baaf68fbdca6bb667e36dbdaa03fe33212c7f2202cdd9f1b",
  "pins" : [
    {
      "identity" : "keychainaccess",
      "kind" : "remoteSourceControl",
      "location" : "https://github.com/kishikawakatsumi/KeychainAccess.git",
      "state" : {
        "revision" : "84e546727d66f1adc5439debad16270d0fdd04e7",
        "version" : "4.2.2"
      }
    },
    {
      "identity" : "langtools.swift",
      "kind" : "remoteSourceControl",
      "location" : "https://github.com/rchatham/LangTools.swift.git",
      "state" : {
        "revision" : "8c671ced6abbe935e2d4ecceb6c61f696e1bd14b",
        "version" : "0.0.9"
      }
    }
  ],
  "version" : 3
}
